# This file is autogenerated, do not edit; changes may be undone by the next 'dep ensure'.


[[projects]]
  digest = "1:ffe9824d294da03b391f44e1ae8281281b4afc1bdaa9588c9097785e3af10cec"
  name = "github.com/davecgh/go-spew"
  packages = ["spew"]
  pruneopts = "UT"
  revision = "8991bc29aa16c548c550c7ff78260e27b9ab7c73"
  version = "v1.1.1"

[[projects]]
  digest = "1:abeb38ade3f32a92943e5be54f55ed6d6e3b6602761d74b4aab4c9dd45c18abd"
  name = "github.com/fsnotify/fsnotify"
  packages = ["."]
  pruneopts = "UT"
  revision = "c2828203cd70a50dcccfb2761f8b1f8ceef9a8e9"
  version = "v1.4.7"

[[projects]]
  digest = "1:236d7e1bdb50d8f68559af37dbcf9d142d56b431c9b2176d41e2a009b664cda8"
  name = "github.com/google/uuid"
  packages = ["."]
  pruneopts = "UT"
  revision = "9b3b1e0f5f99ae461456d768e7d301a7acdaa2d8"
  version = "v1.1.0"

[[projects]]
  digest = "1:a4b04b5314d49a67ad022fa7693453ee2b823ab99314f52fa3930ed31085dfef"
  name = "github.com/guregu/null"
  packages = ["."]
  pruneopts = "UT"
  revision = "80515d440932108546bcade467bb7d6968e812e2"
  version = "v3.4.0"

[[projects]]
  digest = "1:c0d19ab64b32ce9fe5cf4ddceba78d5bc9807f0016db6b1183599da3dcc24d10"
  name = "github.com/hashicorp/hcl"
  packages = [
    ".",
    "hcl/ast",
    "hcl/parser",
    "hcl/printer",
    "hcl/scanner",
    "hcl/strconv",
    "hcl/token",
    "json/parser",
    "json/scanner",
    "json/token",
  ]
  pruneopts = "UT"
  revision = "8cb6e5b959231cc1119e43259c4a608f9c51a241"
  version = "v1.0.0"

[[projects]]
  digest = "1:870d441fe217b8e689d7949fef6e43efbc787e50f200cb1e70dbca9204a1d6be"
  name = "github.com/inconshreveable/mousetrap"
  packages = ["."]
  pruneopts = "UT"
  revision = "76626ae9c91c4f2a10f34cad8ce83ea42c93bb75"
  version = "v1.0"

[[projects]]
  digest = "1:6c41d4f998a03b6604227ccad36edaed6126c397e5d78709ef4814a1145a6757"
  name = "github.com/jmoiron/sqlx"
  packages = [
    ".",
    "reflectx",
  ]
  pruneopts = "UT"
  revision = "d161d7a76b5661016ad0b085869f77fd410f3e6a"
  version = "v1.2.0"

[[projects]]
  digest = "1:cec0e8c3827033d7f24f23809dfc54d3080b2236a3e9bde2c5229d0ddb0c85ec"
  name = "github.com/joomcode/errorx"
  packages = ["."]
  pruneopts = "UT"
  revision = "090d06348063dc34b4d6eda8cc5d10c141786010"
  version = "v0.1.0"

[[projects]]
  digest = "1:0a69a1c0db3591fcefb47f115b224592c8dfa4368b7ba9fae509d5e16cdc95c8"
  name = "github.com/konsorten/go-windows-terminal-sequences"
  packages = ["."]
  pruneopts = "UT"
  revision = "5c8c8bd35d3832f5d134ae1e1e375b69a4d25242"
  version = "v1.0.1"

[[projects]]
  digest = "1:8ef506fc2bb9ced9b151dafa592d4046063d744c646c1bbe801982ce87e4bc24"
  name = "github.com/lib/pq"
  packages = [
    ".",
    "oid",
  ]
  pruneopts = "UT"
  revision = "4ded0e9383f75c197b3a2aaa6d590ac52df6fd79"
  version = "v1.0.0"

[[projects]]
  digest = "1:c568d7727aa262c32bdf8a3f7db83614f7af0ed661474b24588de635c20024c7"
  name = "github.com/magiconair/properties"
  packages = ["."]
  pruneopts = "UT"
  revision = "c2353362d570a7bfa228149c62842019201cfb71"
  version = "v1.8.0"

[[projects]]
  digest = "1:53bc4cd4914cd7cd52139990d5170d6dc99067ae31c56530621b18b35fc30318"
  name = "github.com/mitchellh/mapstructure"
  packages = ["."]
  pruneopts = "UT"
  revision = "3536a929edddb9a5b34bd6861dc4a9647cb459fe"
  version = "v1.1.2"

[[projects]]
  branch = "master"
  digest = "1:ac4c7b57e1483c91b411a9ffd5a3651d8c70229f76e5080f5e4ecca3a45b48a0"
  name = "github.com/ory/go-acc"
  packages = [
    ".",
    "cmd",
  ]
  pruneopts = "UT"
  revision = "ddc355013f90fea78d83d3a6c71f1d37ac07ecd5"

[[projects]]
  digest = "1:623453b08181cc27c65a918930de7285401eb59d00d17bd3ed7acd78cfc5db2f"
  name = "github.com/ory/x"
  packages = [
    "cmdx",
    "flagx",
  ]
  pruneopts = "UT"
  revision = "8463556ef7762bd4f6dd94dd30da22cec10ac70a"
  version = "v0.0.34"

[[projects]]
  digest = "1:e5d0bd87abc2781d14e274807a470acd180f0499f8bf5bb18606e9ec22ad9de9"
  name = "github.com/pborman/uuid"
  packages = ["."]
  pruneopts = "UT"
  revision = "adf5a7427709b9deb95d29d3fa8a2bf9cfd388f1"
  version = "v1.2"

[[projects]]
  digest = "1:95741de3af260a92cc5c7f3f3061e85273f5a81b5db20d4bd68da74bd521675e"
  name = "github.com/pelletier/go-toml"
  packages = ["."]
  pruneopts = "UT"
  revision = "c01d1270ff3e442a8a57cddc1c92dc1138598194"
  version = "v1.2.0"

[[projects]]
  digest = "1:0028cb19b2e4c3112225cd871870f2d9cf49b9b4276531f03438a88e94be86fe"
  name = "github.com/pmezard/go-difflib"
  packages = ["difflib"]
  pruneopts = "UT"
  revision = "792786c7400a136282c1664665ae0a8db921c6c2"
  version = "v1.0.0"

[[projects]]
  digest = "1:69b1cc331fca23d702bd72f860c6a647afd0aa9fcbc1d0659b1365e26546dd70"
  name = "github.com/sirupsen/logrus"
  packages = ["."]
  pruneopts = "UT"
  revision = "bcd833dfe83d3cebad139e4a29ed79cb2318bf95"
  version = "v1.2.0"

[[projects]]
  digest = "1:d707dbc1330c0ed177d4642d6ae102d5e2c847ebd0eb84562d0dc4f024531cfc"
  name = "github.com/spf13/afero"
  packages = [
    ".",
    "mem",
  ]
  pruneopts = "UT"
  revision = "a5d6946387efe7d64d09dcba68cdd523dc1273a3"
  version = "v1.2.0"

[[projects]]
  digest = "1:08d65904057412fc0270fc4812a1c90c594186819243160dc779a402d4b6d0bc"
  name = "github.com/spf13/cast"
  packages = ["."]
  pruneopts = "UT"
  revision = "8c9545af88b134710ab1cd196795e7f2388358d7"
  version = "v1.3.0"

[[projects]]
  digest = "1:645cabccbb4fa8aab25a956cbcbdf6a6845ca736b2c64e197ca7cbb9d210b939"
  name = "github.com/spf13/cobra"
  packages = ["."]
  pruneopts = "UT"
  revision = "ef82de70bb3f60c65fb8eebacbb2d122ef517385"
  version = "v0.0.3"

[[projects]]
  digest = "1:68ea4e23713989dc20b1bded5d9da2c5f9be14ff9885beef481848edd18c26cb"
  name = "github.com/spf13/jwalterweatherman"
  packages = ["."]
  pruneopts = "UT"
  revision = "4a4406e478ca629068e7768fc33f3f044173c0a6"
  version = "v1.0.0"

[[projects]]
  digest = "1:c1b1102241e7f645bc8e0c22ae352e8f0dc6484b6cb4d132fa9f24174e0119e2"
  name = "github.com/spf13/pflag"
  packages = ["."]
  pruneopts = "UT"
  revision = "298182f68c66c05229eb03ac171abe6e309ee79a"
  version = "v1.0.3"

[[projects]]
  digest = "1:de37e343c64582d7026bf8ab6ac5b22a72eac54f3a57020db31524affed9f423"
  name = "github.com/spf13/viper"
  packages = ["."]
  pruneopts = "UT"
  revision = "6d33b5a963d922d182c91e8a1c88d81fd150cfd4"
  version = "v1.3.1"

[[projects]]
  digest = "1:18752d0b95816a1b777505a97f71c7467a8445b8ffb55631a7bf779f6ba4fa83"
  name = "github.com/stretchr/testify"
  packages = ["assert"]
  pruneopts = "UT"
  revision = "f35b8ab0b5a2cef36673838d662e249dd9c94686"
  version = "v1.2.2"

[[projects]]
  branch = "master"
  digest = "1:38f553aff0273ad6f367cb0a0f8b6eecbaef8dc6cb8b50e57b6a81c1d5b1e332"
  name = "golang.org/x/crypto"
  packages = ["ssh/terminal"]
  pruneopts = "UT"
  revision = "505ab145d0a99da450461ae2c1a9f6cd10d1f447"

[[projects]]
  branch = "master"
  digest = "1:10405139b45e3a97a3842c93984710e30466eb933545f219ad3f5e45246973b4"
  name = "golang.org/x/sys"
  packages = [
    "unix",
    "windows",
  ]
  pruneopts = "UT"
  revision = "9a3f9b0469bbc6b8802087ae5c0af9f61502de01"

[[projects]]
  digest = "1:8029e9743749d4be5bc9f7d42ea1659471767860f0cdc34d37c3111bd308a295"
  name = "golang.org/x/text"
  packages = [
    "internal/gen",
    "internal/triegen",
    "internal/ucd",
    "transform",
    "unicode/cldr",
    "unicode/norm",
  ]
  pruneopts = "UT"
  revision = "f21a4dfb5e38f5895301dc265a8def02365cc3d0"
  version = "v0.3.0"

[[projects]]
  digest = "1:b24d38b282bacf9791408a080f606370efa3d364e4b5fd9ba0f7b87786d3b679"
  name = "gopkg.in/urfave/cli.v1"
  packages = ["."]
  pruneopts = "UT"
  revision = "cfb38830724cc34fedffe9a2a29fb54fa9169cd1"
  version = "v1.20.0"

[[projects]]
  digest = "1:4d2e5a73dc1500038e504a8d78b986630e3626dc027bc030ba5c75da257cdb96"
  name = "gopkg.in/yaml.v2"
  packages = ["."]
  pruneopts = "UT"
  revision = "51d6538a90f86fe93ac480b35f37b2be17fef232"
  version = "v2.2.2"

[solve-meta]
  analyzer-name = "dep"
  analyzer-version = 1
  input-imports = [
    "github.com/guregu/null",
    "github.com/jmoiron/sqlx",
    "github.com/joomcode/errorx",
    "github.com/lib/pq",
    "github.com/ory/go-acc",
    "github.com/sirupsen/logrus",
    "github.com/stretchr/testify/assert",
    "gopkg.in/urfave/cli.v1",
  ]
  solver-name = "gps-cdcl"
  solver-version = 1
